
Microsoft Visual Studio Solution File, Format Version 12.00
# Visual Studio Version 17
VisualStudioVersion = 17.4.33205.214
MinimumVisualStudioVersion = 10.0.40219.1
Project("{9A19103F-16F7-4668-BE54-9A1E7A4F7556}") = "soundsforanno.assetexport", "soundsforanno.assetexport\soundsforanno.assetexport.csproj", "{6AFDF79C-91EF-40CA-B719-71E7239021A5}"
EndProject
Project("{9A19103F-16F7-4668-BE54-9A1E7A4F7556}") = "soundsforanno.shared", "soundsforanno.shared\soundsforanno.shared.csproj", "{421E85A7-8276-4513-AE64-7DFACAAEE1BE}"
EndProject
Project("{9A19103F-16F7-4668-BE54-9A1E7A4F7556}") = "soundsforanno.transcription", "soundsforanno.transcription\soundsforanno.transcription.csproj", "{B57EA2D1-0389-4DA3-B50C-D14BEAD2014D}"
EndProject
Project("{9A19103F-16F7-4668-BE54-9A1E7A4F7556}") = "soundsforanno.devplayground", "soundsforanno.devplayground\soundsforanno.devplayground.csproj", "{01847A9E-E6D5-4553-AD5F-091C7C4C7472}"
EndProject
Project("{FAE04EC0-301F-11D3-BF4B-00C04F79EFBC}") = "soundsforanno.app", "soundsforanno.app\soundsforanno.app.csproj", "{C08CF518-46E0-43B6-B8F3-3F94D014CAC2}"
EndProject
Global
	GlobalSection(SolutionConfigurationPlatforms) = preSolution
		Debug|Any CPU = Debug|Any CPU
		Release|Any CPU = Release|Any CPU
	EndGlobalSection
	GlobalSection(ProjectConfigurationPlatforms) = postSolution
		{6AFDF79C-91EF-40CA-B719-71E7239021A5}.Debug|Any CPU.ActiveCfg = Debug|Any CPU
		{6AFDF79C-91EF-40CA-B719-71E7239021A5}.Debug|Any CPU.Build.0 = Debug|Any CPU
		{6AFDF79C-91EF-40CA-B719-71E7239021A5}.Release|Any CPU.ActiveCfg = Release|Any CPU
		{6AFDF79C-91EF-40CA-B719-71E7239021A5}.Release|Any CPU.Build.0 = Release|Any CPU
		{421E85A7-8276-4513-AE64-7DFACAAEE1BE}.Debug|Any CPU.ActiveCfg = Debug|Any CPU
		{421E85A7-8276-4513-AE64-7DFACAAEE1BE}.Debug|Any CPU.Build.0 = Debug|Any CPU
		{421E85A7-8276-4513-AE64-7DFACAAEE1BE}.Release|Any CPU.ActiveCfg = Release|Any CPU
		{421E85A7-8276-4513-AE64-7DFACAAEE1BE}.Release|Any CPU.Build.0 = Release|Any CPU
		{B57EA2D1-0389-4DA3-B50C-D14BEAD2014D}.Debug|Any CPU.ActiveCfg = Debug|Any CPU
		{B57EA2D1-0389-4DA3-B50C-D14BEAD2014D}.Debug|Any CPU.Build.0 = Debug|Any CPU
		{B57EA2D1-0389-4DA3-B50C-D14BEAD2014D}.Release|Any CPU.ActiveCfg = Release|Any CPU
		{B57EA2D1-0389-4DA3-B50C-D14BEAD2014D}.Release|Any CPU.Build.0 = Release|Any CPU
		{01847A9E-E6D5-4553-AD5F-091C7C4C7472}.Debug|Any CPU.ActiveCfg = Debug|Any CPU
		{01847A9E-E6D5-4553-AD5F-091C7C4C7472}.Debug|Any CPU.Build.0 = Debug|Any CPU
		{01847A9E-E6D5-4553-AD5F-091C7C4C7472}.Release|Any CPU.ActiveCfg = Release|Any CPU
		{01847A9E-E6D5-4553-AD5F-091C7C4C7472}.Release|Any CPU.Build.0 = Release|Any CPU
		{C08CF518-46E0-43B6-B8F3-3F94D014CAC2}.Debug|Any CPU.ActiveCfg = Debug|Any CPU
		{C08CF518-46E0-43B6-B8F3-3F94D014CAC2}.Debug|Any CPU.Build.0 = Debug|Any CPU
		{C08CF518-46E0-43B6-B8F3-3F94D014CAC2}.Release|Any CPU.ActiveCfg = Release|Any CPU
		{C08CF518-46E0-43B6-B8F3-3F94D014CAC2}.Release|Any CPU.Build.0 = Release|Any CPU
	EndGlobalSection
	GlobalSection(SolutionProperties) = preSolution
		HideSolutionNode = FALSE
	EndGlobalSection
	GlobalSection(ExtensibilityGlobals) = postSolution
		SolutionGuid = {96A48A74-AE3A-4478-9219-778AE61F489E}
	EndGlobalSection
EndGlobal
